# generated by `dawn lock` -- the resolved [java-deps] closure, by bytes.
# `dawn lock --check` fails when a re-resolution disagrees with this file.
schema 1
coord org.mindrot:jbcrypt:0.4
coord org.xerial:sqlite-jdbc:3.36.0.3
artifact af3a3376391e186a0fed63ecd414b72a882bf452667b490a0be3abf85b637d3f  sqlite-jdbc-3.36.0.3.jar
artifact e183f6f59404fc1e12073cfea4ace7ea103c900463cd21fb609a7c617ecdf624  jbcrypt-0.4.jar
